# THIS IS AN AUTOGENERATED FILE. DO NOT EDIT THIS FILE DIRECTLY.
# yarn lockfile v1


"7zip@0.0.6":
  version "0.0.6"
  resolved "https://registry.yarnpkg.com/7zip/-/7zip-0.0.6.tgz#9cafb171af82329490353b4816f03347aa150a30"
  integrity sha1-nK+xca+CMpSQNTtIFvAzR6oVCjA=

accessibility-developer-tools@^2.11.0:
  version "2.12.0"
  resolved "https://registry.yarnpkg.com/accessibility-developer-tools/-/accessibility-developer-tools-2.12.0.tgz#3da0cce9d6ec6373964b84f35db7cfc3df7ab514"
  integrity sha1-PaDM6dbsY3OWS4TzXbfPw996tRQ=

ajv-keywords@^3.1.0:
  version "3.4.0"
  resolved "https://registry.yarnpkg.com/ajv-keywords/-/ajv-keywords-3.4.0.tgz#4b831e7b531415a7cc518cd404e73f6193c6349d"
  integrity sha512-aUjdRFISbuFOl0EIZc+9e4FfZp0bDZgAdOOf30bJmw8VM9v84SHyVyxDfbWxpGYbdZD/9XoKxfHVNmxPkhwyGw==

ajv@^6.1.0:
  version "6.10.0"
  resolved "https://registry.yarnpkg.com/ajv/-/ajv-6.10.0.tgz#90d0d54439da587cd7e843bfb7045f50bd22bdf1"
  integrity sha512-nffhOpkymDECQyR0mnsUtoCE8RlX38G0rYP+wgLWFyZuUyuuojSSvi/+euOiQBIn63whYwYVIIH1TvE3tu4OEg==
  dependencies:
    fast-deep-equal "^2.0.1"
    fast-json-stable-stringify "^2.0.0"
    json-schema-traverse "^0.4.1"
    uri-js "^4.2.2"

balanced-match@^1.0.0:
  version "1.0.0"
  resolved "https://registry.yarnpkg.com/balanced-match/-/balanced-match-1.0.0.tgz#89b4d199ab2bee49de164ea02b89ce462d71b767"
  integrity sha1-ibTRmasr7kneFk6gK4nORi1xt2c=

big.js@^5.2.2:
  version "5.2.2"
  resolved "https://registry.yarnpkg.com/big.js/-/big.js-5.2.2.tgz#65f0af382f578bcdc742bd9c281e9cb2d7768328"
  integrity sha512-vyL2OymJxmarO8gxMr0mhChsO9QGwhynfuu4+MHTAW6czfq9humCB7rKpUjDd9YUiDPU4mzpyupFSvOClAwbmQ==

brace-expansion@^1.1.7:
  version "1.1.11"
  resolved "https://registry.yarnpkg.com/brace-expansion/-/brace-expansion-1.1.11.tgz#3c7fcbf529d87226f3d2f52b966ff5271eb441dd"
  integrity sha512-iCuPHDFgrHX7H2vEI/5xpz07zSHB00TpugqhmYtVmMO6518mCuRMoOYFldEBl0g187ufozdaHgWKcYFb61qGiA==
  dependencies:
    balanced-match "^1.0.0"
    concat-map "0.0.1"

concat-map@0.0.1:
  version "0.0.1"
  resolved "https://registry.yarnpkg.com/concat-map/-/concat-map-0.0.1.tgz#d8a96bd77fd68df7793a73036a3ba0d5405d477b"
  integrity sha1-2Klr13/Wjfd5OnMDajug1UBdR3s=

cross-unzip@0.0.2:
  version "0.0.2"
  resolved "https://registry.yarnpkg.com/cross-unzip/-/cross-unzip-0.0.2.tgz#5183bc47a09559befcf98cc4657964999359372f"
  integrity sha1-UYO8R6CVWb78+YzEZXlkmZNZNy8=

debug@^2.6.8:
  version "2.6.9"
  resolved "https://registry.yarnpkg.com/debug/-/debug-2.6.9.tgz#5d128515df134ff327e90a4c93f4e077a536341f"
  integrity sha512-bC7ElrdJaJnPbAP+1EotYvqZsb3ecl5wi6Bfi6BJTUcNowp6cvspg0jXznRTKDjm/E7AdgFBVeAPVMNcKGsHMA==
  dependencies:
    ms "2.0.0"

devtron@1.4.0:
  version "1.4.0"
  resolved "https://registry.yarnpkg.com/devtron/-/devtron-1.4.0.tgz#b5e748bd6e95bbe70bfcc68aae6fe696119441e1"
  integrity sha1-tedIvW6Vu+cL/MaKrm/mlhGUQeE=
  dependencies:
    accessibility-developer-tools "^2.11.0"
    highlight.js "^9.3.0"
    humanize-plus "^1.8.1"

electron-debug@2.0.0:
  version "2.0.0"
  resolved "https://registry.yarnpkg.com/electron-debug/-/electron-debug-2.0.0.tgz#3059a6557acbfb091f138d83875f57bac80cea6d"
  integrity sha512-orGlw9uErUztdD7cgdKz78txq3czpOnKG/zvvsINkUsugqL+dn77UFrbwRGVgPwuLJ7Ejbjjk9EcxIcgTivMbA==
  dependencies:
    electron-is-dev "^0.3.0"
    electron-localshortcut "^3.0.0"

electron-devtools-installer@2.2.4:
  version "2.2.4"
  resolved "https://registry.yarnpkg.com/electron-devtools-installer/-/electron-devtools-installer-2.2.4.tgz#261a50337e37121d338b966f07922eb4939a8763"
  integrity sha512-b5kcM3hmUqn64+RUcHjjr8ZMpHS2WJ5YO0pnG9+P/RTdx46of/JrEjuciHWux6pE+On6ynWhHJF53j/EDJN0PA==
  dependencies:
    "7zip" "0.0.6"
    cross-unzip "0.0.2"
    rimraf "^2.5.2"
    semver "^5.3.0"

electron-is-accelerator@^0.1.0:
  version "0.1.2"
  resolved "https://registry.yarnpkg.com/electron-is-accelerator/-/electron-is-accelerator-0.1.2.tgz#509e510c26a56b55e17f863a4b04e111846ab27b"
  integrity sha1-UJ5RDCala1Xhf4Y6SwThEYRqsns=

electron-is-dev@^0.3.0:
  version "0.3.0"
  resolved "https://registry.yarnpkg.com/electron-is-dev/-/electron-is-dev-0.3.0.tgz#14e6fda5c68e9e4ecbeff9ccf037cbd7c05c5afe"
  integrity sha1-FOb9pcaOnk7L7/nM8DfL18BcWv4=

electron-localshortcut@^3.0.0:
  version "3.1.0"
  resolved "https://registry.yarnpkg.com/electron-localshortcut/-/electron-localshortcut-3.1.0.tgz#10c1ffd537b8d39170aaf6e1551341f7780dd2ce"
  integrity sha512-MgL/j5jdjW7iA0R6cI7S045B0GlKXWM1FjjujVPjlrmyXRa6yH0bGSaIAfxXAF9tpJm3pLEiQzerYHkRh9JG/A==
  dependencies:
    debug "^2.6.8"
    electron-is-accelerator "^0.1.0"
    keyboardevent-from-electron-accelerator "^1.1.0"
    keyboardevents-areequal "^0.2.1"

emojis-list@^2.0.0:
  version "2.1.0"
  resolved "https://registry.yarnpkg.com/emojis-list/-/emojis-list-2.1.0.tgz#4daa4d9db00f9819880c79fa457ae5b09a1fd389"
  integrity sha1-TapNnbAPmBmIDHn6RXrlsJof04k=

fast-deep-equal@^2.0.1:
  version "2.0.1"
  resolved "https://registry.yarnpkg.com/fast-deep-equal/-/fast-deep-equal-2.0.1.tgz#7b05218ddf9667bf7f370bf7fdb2cb15fdd0aa49"
  integrity sha1-ewUhjd+WZ79/Nwv3/bLLFf3Qqkk=

fast-json-stable-stringify@^2.0.0:
  version "2.0.0"
  resolved "https://registry.yarnpkg.com/fast-json-stable-stringify/-/fast-json-stable-stringify-2.0.0.tgz#d5142c0caee6b1189f87d3a76111064f86c8bbf2"
  integrity sha1-1RQsDK7msRifh9OnYREGT4bIu/I=

fs.realpath@^1.0.0:
  version "1.0.0"
  resolved "https://registry.yarnpkg.com/fs.realpath/-/fs.realpath-1.0.0.tgz#1504ad2523158caa40db4a2787cb01411994ea4f"
  integrity sha1-FQStJSMVjKpA20onh8sBQRmU6k8=

glob@^7.1.3:
  version "7.1.3"
  resolved "https://registry.yarnpkg.com/glob/-/glob-7.1.3.tgz#3960832d3f1574108342dafd3a67b332c0969df1"
  integrity sha512-vcfuiIxogLV4DlGBHIUOwI0IbrJ8HWPc4MU7HzviGeNho/UJDfi6B5p3sHeWIQ0KGIU0Jpxi5ZHxemQfLkkAwQ==
  dependencies:
    fs.realpath "^1.0.0"
    inflight "^1.0.4"
    inherits "2"
    minimatch "^3.0.4"
    once "^1.3.0"
    path-is-absolute "^1.0.0"

highlight.js@^9.3.0:
  version "9.15.6"
  resolved "https://registry.yarnpkg.com/highlight.js/-/highlight.js-9.15.6.tgz#72d4d8d779ec066af9a17cb14360c3def0aa57c4"
  integrity sha512-zozTAWM1D6sozHo8kqhfYgsac+B+q0PmsjXeyDrYIHHcBN0zTVT66+s2GW1GZv7DbyaROdLXKdabwS/WqPyIdQ==

hoist-non-react-statics@^3.0.0:
  version "3.3.0"
  resolved "https://registry.yarnpkg.com/hoist-non-react-statics/-/hoist-non-react-statics-3.3.0.tgz#b09178f0122184fb95acf525daaecb4d8f45958b"
  integrity sha512-0XsbTXxgiaCDYDIWFcwkmerZPSwywfUqYmwT4jzewKTQSWoE6FCMoUVOeBJWK3E/CrWbxRG3m5GzY4lnIwGRBA==
  dependencies:
    react-is "^16.7.0"

humanize-plus@^1.8.1:
  version "1.8.2"
  resolved "https://registry.yarnpkg.com/humanize-plus/-/humanize-plus-1.8.2.tgz#a65b34459ad6367adbb3707a82a3c9f916167030"
  integrity sha1-pls0RZrWNnrbs3B6gqPJ+RYWcDA=

inflight@^1.0.4:
  version "1.0.6"
  resolved "https://registry.yarnpkg.com/inflight/-/inflight-1.0.6.tgz#49bd6331d7d02d0c09bc910a1075ba8165b56df9"
  integrity sha1-Sb1jMdfQLQwJvJEKEHW6gWW1bfk=
  dependencies:
    once "^1.3.0"
    wrappy "1"

inherits@2:
  version "2.0.3"
  resolved "https://registry.yarnpkg.com/inherits/-/inherits-2.0.3.tgz#633c2c83e3da42a502f52466022480f4208261de"
  integrity sha1-Yzwsg+PaQqUC9SRmAiSA9CCCYd4=

"js-tokens@^3.0.0 || ^4.0.0":
  version "4.0.0"
  resolved "https://registry.yarnpkg.com/js-tokens/-/js-tokens-4.0.0.tgz#19203fb59991df98e3a287050d4647cdeaf32499"
  integrity sha512-RdJUflcE3cUzKiMqQgsCu06FPu9UdIJO0beYbPhHN4k6apgJtifcoCtT9bcxOpYBtpD2kCM6Sbzg4CausW/PKQ==

json-schema-traverse@^0.4.1:
  version "0.4.1"
  resolved "https://registry.yarnpkg.com/json-schema-traverse/-/json-schema-traverse-0.4.1.tgz#69f6a87d9513ab8bb8fe63bdb0979c448e684660"
  integrity sha512-xbbCH5dCYU5T8LcEhhuh7HJ88HXuW3qsI3Y0zOZFKfZEHcpWiHU/Jxzk629Brsab/mMiHQti9wMP+845RPe3Vg==

json5@^1.0.1:
  version "1.0.1"
  resolved "https://registry.yarnpkg.com/json5/-/json5-1.0.1.tgz#779fb0018604fa854eacbf6252180d83543e3dbe"
  integrity sha512-aKS4WQjPenRxiQsC93MNfjx+nbF4PAdYzmd/1JIj8HYzqfbu86beTuNgXDzPknWk0n0uARlyewZo4s++ES36Ow==
  dependencies:
    minimist "^1.2.0"

keyboardevent-from-electron-accelerator@^1.1.0:
  version "1.1.0"
  resolved "https://registry.yarnpkg.com/keyboardevent-from-electron-accelerator/-/keyboardevent-from-electron-accelerator-1.1.0.tgz#324614f6e33490c37ffc5be5876b3e85fe223c84"
  integrity sha512-VDC4vKWGrR3VgIKCE4CsXnvObGgP8C2idnTKEMUkuEuvDGE1GEBX9FtNdJzrD00iQlhI3xFxRaeItsUmlERVng==

keyboardevents-areequal@^0.2.1:
  version "0.2.2"
  resolved "https://registry.yarnpkg.com/keyboardevents-areequal/-/keyboardevents-areequal-0.2.2.tgz#88191ec738ce9f7591c25e9056de928b40277194"
  integrity sha512-Nv+Kr33T0mEjxR500q+I6IWisOQ0lK1GGOncV0kWE6n4KFmpcu7RUX5/2B0EUtX51Cb0HjZ9VJsSY3u4cBa0kw==

loader-utils@^1.1.0:
  version "1.2.3"
  resolved "https://registry.yarnpkg.com/loader-utils/-/loader-utils-1.2.3.tgz#1ff5dc6911c9f0a062531a4c04b609406108c2c7"
  integrity sha512-fkpz8ejdnEMG3s37wGL07iSBDg99O9D5yflE9RGNH3hRdx9SOwYfnGYdZOUIZitN8E+E2vkq3MUMYMvPYl5ZZA==
  dependencies:
    big.js "^5.2.2"
    emojis-list "^2.0.0"
    json5 "^1.0.1"

loose-envify@^1.1.0, loose-envify@^1.4.0:
  version "1.4.0"
  resolved "https://registry.yarnpkg.com/loose-envify/-/loose-envify-1.4.0.tgz#71ee51fa7be4caec1a63839f7e682d8132d30caf"
  integrity sha512-lyuxPGr/Wfhrlem2CL/UcnUc1zcqKAImBDzukY7Y5F/yQiNdko6+fRLevlw1HgMySw7f611UIY408EtxRSoK3Q==
  dependencies:
    js-tokens "^3.0.0 || ^4.0.0"

minimatch@^3.0.4:
  version "3.0.4"
  resolved "https://registry.yarnpkg.com/minimatch/-/minimatch-3.0.4.tgz#5166e286457f03306064be5497e8dbb0c3d32083"
  integrity sha512-yJHVQEhyqPLUTgt9B83PXu6W3rx4MvvHvSUvToogpwoGDOUQ+yDrR0HRot+yOCdCO7u4hX3pWft6kWBBcqh0UA==
  dependencies:
    brace-expansion "^1.1.7"

minimist@^1.2.0:
  version "1.2.0"
  resolved "https://registry.yarnpkg.com/minimist/-/minimist-1.2.0.tgz#a35008b20f41383eec1fb914f4cd5df79a264284"
  integrity sha1-o1AIsg9BOD7sH7kU9M1d95omQoQ=

mobx-react@^5.2.6:
  version "5.4.3"
  resolved "https://registry.yarnpkg.com/mobx-react/-/mobx-react-5.4.3.tgz#6709b7dd89670c40e9815914ac2ca49cc02bfb47"
  integrity sha512-WC8yFlwvJ91hy8j6CrydAuFteUafcuvdITFQeHl3LRIf5ayfT/4W3M/byhEYD2BcJWejeXr8y4Rh2H26RunCRQ==
  dependencies:
    hoist-non-react-statics "^3.0.0"
    react-lifecycles-compat "^3.0.2"

mobx@^5.1.0:
  version "5.9.4"
  resolved "https://registry.yarnpkg.com/mobx/-/mobx-5.9.4.tgz#1dee92aba33f67b7baeeb679e3bd376a12e55812"
  integrity sha512-L9JjTX2rtQUAhCIgnHokfntNOsF14uioT9LqStf6Mya+16j56ZBe21E8Y9V59tfr2aH2kLQPD10qtCJXBuTAxw==

ms@2.0.0:
  version "2.0.0"
  resolved "https://registry.yarnpkg.com/ms/-/ms-2.0.0.tgz#5608aeadfc00be6c2901df5f9861788de0d597c8"
  integrity sha1-VgiurfwAvmwpAd9fmGF4jeDVl8g=

object-assign@^4.1.1:
  version "4.1.1"
  resolved "https://registry.yarnpkg.com/object-assign/-/object-assign-4.1.1.tgz#2109adc7965887cfc05cbbd442cac8bfbb360863"
  integrity sha1-IQmtx5ZYh8/AXLvUQsrIv7s2CGM=

once@^1.3.0:
  version "1.4.0"
  resolved "https://registry.yarnpkg.com/once/-/once-1.4.0.tgz#583b1aa775961d4b113ac17d9c50baef9dd76bd1"
  integrity sha1-WDsap3WWHUsROsF9nFC6753Xa9E=
  dependencies:
    wrappy "1"

path-is-absolute@^1.0.0:
  version "1.0.1"
  resolved "https://registry.yarnpkg.com/path-is-absolute/-/path-is-absolute-1.0.1.tgz#174b9268735534ffbc7ace6bf53a5a9e1b5c5f5f"
  integrity sha1-F0uSaHNVNP+8es5r9TpanhtcX18=

prop-types@^15.6.2:
  version "15.7.2"
  resolved "https://registry.yarnpkg.com/prop-types/-/prop-types-15.7.2.tgz#52c41e75b8c87e72b9d9360e0206b99dcbffa6c5"
  integrity sha512-8QQikdH7//R2vurIJSutZ1smHYTcLpRWEOlHnzcWHmBYrOGUysKwSsrC89BCiFj3CbrfJ/nXFdJepOVrY1GCHQ==
  dependencies:
    loose-envify "^1.4.0"
    object-assign "^4.1.1"
    react-is "^16.8.1"

punycode@^2.1.0:
  version "2.1.1"
  resolved "https://registry.yarnpkg.com/punycode/-/punycode-2.1.1.tgz#b58b010ac40c22c5657616c8d2c2c02c7bf479ec"
  integrity sha512-XRsRjdf+j5ml+y/6GKHPZbrF/8p2Yga0JPtdqTIY2Xe5ohJPD9saDJJLPvp9+NSBprVvevdXZybnj2cv8OEd0A==

react-dom@^16.5.0:
  version "16.8.6"
  resolved "https://registry.yarnpkg.com/react-dom/-/react-dom-16.8.6.tgz#71d6303f631e8b0097f56165ef608f051ff6e10f"
  integrity sha512-1nL7PIq9LTL3fthPqwkvr2zY7phIPjYrT0jp4HjyEQrEROnw4dG41VVwi/wfoCneoleqrNX7iAD+pXebJZwrwA==
  dependencies:
    loose-envify "^1.1.0"
    object-assign "^4.1.1"
    prop-types "^15.6.2"
    scheduler "^0.13.6"

react-is@^16.7.0, react-is@^16.8.1:
  version "16.8.6"
  resolved "https://registry.yarnpkg.com/react-is/-/react-is-16.8.6.tgz#5bbc1e2d29141c9fbdfed456343fe2bc430a6a16"
  integrity sha512-aUk3bHfZ2bRSVFFbbeVS4i+lNPZr3/WM5jT2J5omUVV1zzcs1nAaf3l51ctA5FFvCRbhrH0bdAsRRQddFJZPtA==

react-lifecycles-compat@^3.0.2:
  version "3.0.4"
  resolved "https://registry.yarnpkg.com/react-lifecycles-compat/-/react-lifecycles-compat-3.0.4.tgz#4f1a273afdfc8f3488a8c516bfda78f872352362"
  integrity sha512-fBASbA6LnOU9dOU2eW7aQ8xmYBSXUIWr+UmF9b1efZBazGNO+rcXT/icdKnYm2pTwcRylVUYwW7H1PHfLekVzA==

react@^16.5.0:
  version "16.8.6"
  resolved "https://registry.yarnpkg.com/react/-/react-16.8.6.tgz#ad6c3a9614fd3a4e9ef51117f54d888da01f2bbe"
  integrity sha512-pC0uMkhLaHm11ZSJULfOBqV4tIZkx87ZLvbbQYunNixAAvjnC+snJCg0XQXn9VIsttVsbZP/H/ewzgsd5fxKXw==
  dependencies:
    loose-envify "^1.1.0"
    object-assign "^4.1.1"
    prop-types "^15.6.2"
    scheduler "^0.13.6"

rimraf@^2.5.2:
  version "2.6.3"
  resolved "https://registry.yarnpkg.com/rimraf/-/rimraf-2.6.3.tgz#b2d104fe0d8fb27cf9e0a1cda8262dd3833c6cab"
  integrity sha512-mwqeW5XsA2qAejG46gYdENaxXjx9onRNCfn7L0duuP4hCuTIi/QO7PDK07KJfp1d+izWPrzEJDcSqBa0OZQriA==
  dependencies:
    glob "^7.1.3"

scheduler@^0.13.6:
  version "0.13.6"
  resolved "https://registry.yarnpkg.com/scheduler/-/scheduler-0.13.6.tgz#466a4ec332467b31a91b9bf74e5347072e4cd889"
  integrity sha512-IWnObHt413ucAYKsD9J1QShUKkbKLQQHdxRyw73sw4FN26iWr3DY/H34xGPe4nmL1DwXyWmSWmMrA9TfQbE/XQ==
  dependencies:
    loose-envify "^1.1.0"
    object-assign "^4.1.1"

schema-utils@^0.4.5:
  version "0.4.7"
  resolved "https://registry.yarnpkg.com/schema-utils/-/schema-utils-0.4.7.tgz#ba74f597d2be2ea880131746ee17d0a093c68187"
  integrity sha512-v/iwU6wvwGK8HbU9yi3/nhGzP0yGSuhQMzL6ySiec1FSrZZDkhm4noOSWzrNFo/jEc+SJY6jRTwuwbSXJPDUnQ==
  dependencies:
    ajv "^6.1.0"
    ajv-keywords "^3.1.0"

semver@^5.3.0:
  version "5.7.0"
  resolved "https://registry.yarnpkg.com/semver/-/semver-5.7.0.tgz#790a7cf6fea5459bac96110b29b60412dc8ff96b"
  integrity sha512-Ya52jSX2u7QKghxeoFGpLwCtGlt7j0oY9DYb5apt9nPlJ42ID+ulTXESnt/qAQcoSERyZ5sl3LDIOw0nAn/5DA==

style-loader@0.23.0:
  version "0.23.0"
  resolved "https://registry.yarnpkg.com/style-loader/-/style-loader-0.23.0.tgz#8377fefab68416a2e05f1cabd8c3a3acfcce74f1"
  integrity sha512-uCcN7XWHkqwGVt7skpInW6IGO1tG6ReyFQ1Cseh0VcN6VdcFQi62aG/2F3Y9ueA8x4IVlfaSUxpmQXQD9QrEuQ==
  dependencies:
    loader-utils "^1.1.0"
    schema-utils "^0.4.5"

uri-js@^4.2.2:
  version "4.2.2"
  resolved "https://registry.yarnpkg.com/uri-js/-/uri-js-4.2.2.tgz#94c540e1ff772956e2299507c010aea6c8838eb0"
  integrity sha512-KY9Frmirql91X2Qgjry0Wd4Y+YTdrdZheS8TFwvkbLWf/G5KNJDCh6pKL5OZctEW4+0Baa5idK2ZQuELRwPznQ==
  dependencies:
    punycode "^2.1.0"

wrappy@1:
  version "1.0.2"
  resolved "https://registry.yarnpkg.com/wrappy/-/wrappy-1.0.2.tgz#b5243d8f3ec1aa35f1364605bc0d1036e30ab69f"
  integrity sha1-tSQ9jz7BqjXxNkYFvA0QNuMKtp8=
